
Microsoft Visual Studio Solution File, Format Version 12.00
# Visual Studio Version 17
VisualStudioVersion = 17.13.35931.197 d17.13
MinimumVisualStudioVersion = 10.0.40219.1
Project("{FAE04EC0-301F-11D3-BF4B-00C04F79EFBC}") = "PF_VNR", "PF_VNR.csproj", "{D226AB61-A516-7AFD-D8B9-E6D1B62D5E74}"
EndProject
Project("{FAE04EC0-301F-11D3-BF4B-00C04F79EFBC}") = "PF_VNR.ClienteWinForms1", "..\PF_VNR.ClienteWinForms1\PF_VNR.ClienteWinForms1.csproj", "{144F8D53-593F-4372-BBB8-5FD7600E9E20}"
EndProject
Global
	GlobalSection(SolutionConfigurationPlatforms) = preSolution
		Debug|Any CPU = Debug|Any CPU
		Release|Any CPU = Release|Any CPU
	EndGlobalSection
	GlobalSection(ProjectConfigurationPlatforms) = postSolution
		{D226AB61-A516-7AFD-D8B9-E6D1B62D5E74}.Debug|Any CPU.ActiveCfg = Debug|Any CPU
		{D226AB61-A516-7AFD-D8B9-E6D1B62D5E74}.Debug|Any CPU.Build.0 = Debug|Any CPU
		{D226AB61-A516-7AFD-D8B9-E6D1B62D5E74}.Release|Any CPU.ActiveCfg = Release|Any CPU
		{D226AB61-A516-7AFD-D8B9-E6D1B62D5E74}.Release|Any CPU.Build.0 = Release|Any CPU
		{144F8D53-593F-4372-BBB8-5FD7600E9E20}.Debug|Any CPU.ActiveCfg = Debug|Any CPU
		{144F8D53-593F-4372-BBB8-5FD7600E9E20}.Debug|Any CPU.Build.0 = Debug|Any CPU
		{144F8D53-593F-4372-BBB8-5FD7600E9E20}.Release|Any CPU.ActiveCfg = Release|Any CPU
		{144F8D53-593F-4372-BBB8-5FD7600E9E20}.Release|Any CPU.Build.0 = Release|Any CPU
	EndGlobalSection
	GlobalSection(SolutionProperties) = preSolution
		HideSolutionNode = FALSE
	EndGlobalSection
	GlobalSection(ExtensibilityGlobals) = postSolution
		SolutionGuid = {3F308705-1449-4121-AACE-90BCB7939A44}
	EndGlobalSection
EndGlobal
